
Microsoft Visual Studio Solution File, Format Version 12.00
# Visual Studio Version 17
VisualStudioVersion = 17.9.34902.65
MinimumVisualStudioVersion = 10.0.40219.1
Project("{FAE04EC0-301F-11D3-BF4B-00C04F79EFBC}") = "ConsoleJekinBuild", "ConsoleJekinBuild\ConsoleJekinBuild.csproj", "{23ADAC0D-FEDE-453E-AB0A-10DDD60D7B6E}"
EndProject
Project("{FAE04EC0-301F-11D3-BF4B-00C04F79EFBC}") = "ConsoleJekinBuild.Test", "ConsoleJekinBuild.Test\ConsoleJekinBuild.Test.csproj", "{020302D2-BF85-4B71-8ABE-75D6DC0EEABD}"
EndProject
Global
	GlobalSection(SolutionConfigurationPlatforms) = preSolution
		Debug|Any CPU = Debug|Any CPU
		Release|Any CPU = Release|Any CPU
	EndGlobalSection
	GlobalSection(ProjectConfigurationPlatforms) = postSolution
		{23ADAC0D-FEDE-453E-AB0A-10DDD60D7B6E}.Debug|Any CPU.ActiveCfg = Debug|Any CPU
		{23ADAC0D-FEDE-453E-AB0A-10DDD60D7B6E}.Debug|Any CPU.Build.0 = Debug|Any CPU
		{23ADAC0D-FEDE-453E-AB0A-10DDD60D7B6E}.Release|Any CPU.ActiveCfg = Release|Any CPU
		{23ADAC0D-FEDE-453E-AB0A-10DDD60D7B6E}.Release|Any CPU.Build.0 = Release|Any CPU
		{020302D2-BF85-4B71-8ABE-75D6DC0EEABD}.Debug|Any CPU.ActiveCfg = Debug|Any CPU
		{020302D2-BF85-4B71-8ABE-75D6DC0EEABD}.Debug|Any CPU.Build.0 = Debug|Any CPU
		{020302D2-BF85-4B71-8ABE-75D6DC0EEABD}.Release|Any CPU.ActiveCfg = Release|Any CPU
		{020302D2-BF85-4B71-8ABE-75D6DC0EEABD}.Release|Any CPU.Build.0 = Release|Any CPU
	EndGlobalSection
	GlobalSection(SolutionProperties) = preSolution
		HideSolutionNode = FALSE
	EndGlobalSection
	GlobalSection(ExtensibilityGlobals) = postSolution
		SolutionGuid = {CE1061D5-3144-465F-8E70-3315CF80F21D}
	EndGlobalSection
EndGlobal
